
Microsoft Visual Studio Solution File, Format Version 12.00
# Visual Studio Version 17
VisualStudioVersion = 17.6.33829.357
MinimumVisualStudioVersion = 10.0.40219.1
Project("{8BC9CEB8-8B4A-11D0-8D11-00A0C91BC942}") = "Lab1", "lab1\lab1.vcxproj", "{F875BB6F-85D2-4149-8E3C-2CE52440B664}"
EndProject
Project("{8BC9CEB8-8B4A-11D0-8D11-00A0C91BC942}") = "Lab1-part2", "Lab1-part2\Lab1-part2.vcxproj", "{2A55C0C0-C065-4572-AB55-04F0C4586EBC}"
EndProject
Project("{8BC9CEB8-8B4A-11D0-8D11-00A0C91BC942}") = "lab2", "lab2\lab2.vcxproj", "{0870B482-2870-4622-9173-EF002D9C196C}"
EndProject
Project("{8BC9CEB8-8B4A-11D0-8D11-00A0C91BC942}") = "Lab3", "Lab3\Lab3.vcxproj", "{C72E06B2-6C05-419A-B065-4976D642FE66}"
EndProject
Global
	GlobalSection(SolutionConfigurationPlatforms) = preSolution
		Debug|Any CPU = Debug|Any CPU
		Debug|x64 = Debug|x64
		Debug|x86 = Debug|x86
		Release|Any CPU = Release|Any CPU
		Release|x64 = Release|x64
		Release|x86 = Release|x86
	EndGlobalSection
	GlobalSection(ProjectConfigurationPlatforms) = postSolution
		{F875BB6F-85D2-4149-8E3C-2CE52440B664}.Debug|Any CPU.ActiveCfg = Debug|x64
		{F875BB6F-85D2-4149-8E3C-2CE52440B664}.Debug|Any CPU.Build.0 = Debug|x64
		{F875BB6F-85D2-4149-8E3C-2CE52440B664}.Debug|x64.ActiveCfg = Debug|x64
		{F875BB6F-85D2-4149-8E3C-2CE52440B664}.Debug|x64.Build.0 = Debug|x64
		{F875BB6F-85D2-4149-8E3C-2CE52440B664}.Debug|x86.ActiveCfg = Debug|Win32
		{F875BB6F-85D2-4149-8E3C-2CE52440B664}.Debug|x86.Build.0 = Debug|Win32
		{F875BB6F-85D2-4149-8E3C-2CE52440B664}.Release|Any CPU.ActiveCfg = Release|x64
		{F875BB6F-85D2-4149-8E3C-2CE52440B664}.Release|Any CPU.Build.0 = Release|x64
		{F875BB6F-85D2-4149-8E3C-2CE52440B664}.Release|x64.ActiveCfg = Release|x64
		{F875BB6F-85D2-4149-8E3C-2CE52440B664}.Release|x64.Build.0 = Release|x64
		{F875BB6F-85D2-4149-8E3C-2CE52440B664}.Release|x86.ActiveCfg = Release|Win32
		{F875BB6F-85D2-4149-8E3C-2CE52440B664}.Release|x86.Build.0 = Release|Win32
		{2A55C0C0-C065-4572-AB55-04F0C4586EBC}.Debug|Any CPU.ActiveCfg = Debug|x64
		{2A55C0C0-C065-4572-AB55-04F0C4586EBC}.Debug|Any CPU.Build.0 = Debug|x64
		{2A55C0C0-C065-4572-AB55-04F0C4586EBC}.Debug|x64.ActiveCfg = Debug|x64
		{2A55C0C0-C065-4572-AB55-04F0C4586EBC}.Debug|x64.Build.0 = Debug|x64
		{2A55C0C0-C065-4572-AB55-04F0C4586EBC}.Debug|x86.ActiveCfg = Debug|Win32
		{2A55C0C0-C065-4572-AB55-04F0C4586EBC}.Debug|x86.Build.0 = Debug|Win32
		{2A55C0C0-C065-4572-AB55-04F0C4586EBC}.Release|Any CPU.ActiveCfg = Release|x64
		{2A55C0C0-C065-4572-AB55-04F0C4586EBC}.Release|Any CPU.Build.0 = Release|x64
		{2A55C0C0-C065-4572-AB55-04F0C4586EBC}.Release|x64.ActiveCfg = Release|x64
		{2A55C0C0-C065-4572-AB55-04F0C4586EBC}.Release|x64.Build.0 = Release|x64
		{2A55C0C0-C065-4572-AB55-04F0C4586EBC}.Release|x86.ActiveCfg = Release|Win32
		{2A55C0C0-C065-4572-AB55-04F0C4586EBC}.Release|x86.Build.0 = Release|Win32
		{0870B482-2870-4622-9173-EF002D9C196C}.Debug|Any CPU.ActiveCfg = Debug|x64
		{0870B482-2870-4622-9173-EF002D9C196C}.Debug|Any CPU.Build.0 = Debug|x64
		{0870B482-2870-4622-9173-EF002D9C196C}.Debug|x64.ActiveCfg = Debug|x64
		{0870B482-2870-4622-9173-EF002D9C196C}.Debug|x64.Build.0 = Debug|x64
		{0870B482-2870-4622-9173-EF002D9C196C}.Debug|x86.ActiveCfg = Debug|Win32
		{0870B482-2870-4622-9173-EF002D9C196C}.Debug|x86.Build.0 = Debug|Win32
		{0870B482-2870-4622-9173-EF002D9C196C}.Release|Any CPU.ActiveCfg = Release|x64
		{0870B482-2870-4622-9173-EF002D9C196C}.Release|Any CPU.Build.0 = Release|x64
		{0870B482-2870-4622-9173-EF002D9C196C}.Release|x64.ActiveCfg = Release|x64
		{0870B482-2870-4622-9173-EF002D9C196C}.Release|x64.Build.0 = Release|x64
		{0870B482-2870-4622-9173-EF002D9C196C}.Release|x86.ActiveCfg = Release|Win32
		{0870B482-2870-4622-9173-EF002D9C196C}.Release|x86.Build.0 = Release|Win32
		{C72E06B2-6C05-419A-B065-4976D642FE66}.Debug|Any CPU.ActiveCfg = Debug|x64
		{C72E06B2-6C05-419A-B065-4976D642FE66}.Debug|Any CPU.Build.0 = Debug|x64
		{C72E06B2-6C05-419A-B065-4976D642FE66}.Debug|x64.ActiveCfg = Debug|x64
		{C72E06B2-6C05-419A-B065-4976D642FE66}.Debug|x64.Build.0 = Debug|x64
		{C72E06B2-6C05-419A-B065-4976D642FE66}.Debug|x86.ActiveCfg = Debug|Win32
		{C72E06B2-6C05-419A-B065-4976D642FE66}.Debug|x86.Build.0 = Debug|Win32
		{C72E06B2-6C05-419A-B065-4976D642FE66}.Release|Any CPU.ActiveCfg = Release|x64
		{C72E06B2-6C05-419A-B065-4976D642FE66}.Release|Any CPU.Build.0 = Release|x64
		{C72E06B2-6C05-419A-B065-4976D642FE66}.Release|x64.ActiveCfg = Release|x64
		{C72E06B2-6C05-419A-B065-4976D642FE66}.Release|x64.Build.0 = Release|x64
		{C72E06B2-6C05-419A-B065-4976D642FE66}.Release|x86.ActiveCfg = Release|Win32
		{C72E06B2-6C05-419A-B065-4976D642FE66}.Release|x86.Build.0 = Release|Win32
	EndGlobalSection
	GlobalSection(SolutionProperties) = preSolution
		HideSolutionNode = FALSE
	EndGlobalSection
	GlobalSection(ExtensibilityGlobals) = postSolution
		SolutionGuid = {F007B285-47F6-47D0-A141-6B7BD6169F5B}
	EndGlobalSection
EndGlobal
